
Microsoft Visual Studio Solution File, Format Version 12.00
# Visual Studio Version 17
VisualStudioVersion = 17.1.32421.90
MinimumVisualStudioVersion = 10.0.40219.1
Project("{FAE04EC0-301F-11D3-BF4B-00C04F79EFBC}") = "WeManage", "WeManage.csproj", "{5DC65C43-81E2-4A26-ABD8-9953FB42759C}"
EndProject
Global
	GlobalSection(SolutionConfigurationPlatforms) = preSolution
		Debug|Any CPU = Debug|Any CPU
		Release|Any CPU = Release|Any CPU
	EndGlobalSection
	GlobalSection(ProjectConfigurationPlatforms) = postSolution
		{5DC65C43-81E2-4A26-ABD8-9953FB42759C}.Debug|Any CPU.ActiveCfg = Debug|Any CPU
		{5DC65C43-81E2-4A26-ABD8-9953FB42759C}.Debug|Any CPU.Build.0 = Debug|Any CPU
		{5DC65C43-81E2-4A26-ABD8-9953FB42759C}.Release|Any CPU.ActiveCfg = Release|Any CPU
		{5DC65C43-81E2-4A26-ABD8-9953FB42759C}.Release|Any CPU.Build.0 = Release|Any CPU
	EndGlobalSection
	GlobalSection(SolutionProperties) = preSolution
		HideSolutionNode = FALSE
	EndGlobalSection
	GlobalSection(ExtensibilityGlobals) = postSolution
		SolutionGuid = {01659F79-27B7-409D-A128-6F15A84EB904}
	EndGlobalSection
EndGlobal
